// !$*UTF8*$!
{
	archiveVersion = 1;
	classes = {
	};
	objectVersion = 46;
	objects = {

/* Begin PBXBuildFile section */
		FCCF51BD1E2BD64E0066F8CE /* AppDelegate.swift in Sources */ = {isa = PBXBuildFile; fileRef = FCCF51BC1E2BD64E0066F8CE /* AppDelegate.swift */; };
		FCCF51BF1E2BD64E0066F8CE /* ViewController.swift in Sources */ = {isa = PBXBuildFile; fileRef = FCCF51BE1E2BD64E0066F8CE /* ViewController.swift */; };
		FCCF51C21E2BD64E0066F8CE /* Main.storyboard in Resources */ = {isa = PBXBuildFile; fileRef = FCCF51C01E2BD64E0066F8CE /* Main.storyboard */; };
		FCCF51C41E2BD64E0066F8CE /* Assets.xcassets in Resources */ = {isa = PBXBuildFile; fileRef = FCCF51C31E2BD64E0066F8CE /* Assets.xcassets */; };
		FCCF51C71E2BD64E0066F8CE /* LaunchScreen.storyboard in Resources */ = {isa = PBXBuildFile; fileRef = FCCF51C51E2BD64E0066F8CE /* LaunchScreen.storyboard */; };
/* End PBXBuildFile section */

/* Begin PBXFileReference section */
		FCCF51B91E2BD64E0066F8CE /* RetroCalculator.app */ = {isa = PBXFileReference; explicitFileType = wrapper.application; includeInIndex = 0; path = RetroCalculator.app; sourceTree = BUILT_PRODUCTS_DIR; };
		FCCF51BC1E2BD64E0066F8CE /* AppDelegate.swift */ = {isa = PBXFileReference; lastKnownFileType = sourcecode.swift; path = AppDelegate.swift; sourceTree = "<group>"; };
		FCCF51BE1E2BD64E0066F8CE /* ViewController.swift */ = {isa = PBXFileReference; lastKnownFileType = sourcecode.swift; path = ViewController.swift; sourceTree = "<group>"; };
		FCCF51C11E2BD64E0066F8CE /* Base */ = {isa = PBXFileReference; lastKnownFileType = file.storyboard; name = Base; path = Base.lproj/Main.storyboard; sourceTree = "<group>"; };
		FCCF51C31E2BD64E0066F8CE /* Assets.xcassets */ = {isa = PBXFileReference; lastKnownFileType = folder.assetcatalog; path = Assets.xcassets; sourceTree = "<group>"; };
		FCCF51C61E2BD64E0066F8CE /* Base */ = {isa = PBXFileReference; lastKnownFileType = file.storyboard; name = Base; path = Base.lproj/LaunchScreen.storyboard; sourceTree = "<group>"; };
		FCCF51C81E2BD64E0066F8CE /* Info.plist */ = {isa = PBXFileReference; lastKnownFileType = text.plist.xml; path = Info.plist; sourceTree = "<group>"; };
/* End PBXFileReference section */

/* Begin PBXFrameworksBuildPhase section */
		FCCF51B61E2BD64D0066F8CE /* Frameworks */ = {
			isa = PBXFrameworksBuildPhase;
			buildActionMask = 2147483647;
			files = (
			);
			runOnlyForDeploymentPostprocessing = 0;
		};
/* End PBXFrameworksBuildPhase section */

/* Begin PBXGroup section */
		FCCF51B01E2BD64D0066F8CE = {
			isa = PBXGroup;
			children = (
				FCCF51BB1E2BD64E0066F8CE /* RetroCalculator */,
				FCCF51BA1E2BD64E0066F8CE /* Products */,
			);
			sourceTree = "<group>";
		};
		FCCF51BA1E2BD64E0066F8CE /* Products */ = {
			isa = PBXGroup;
			children = (
				FCCF51B91E2BD64E0066F8CE /* RetroCalculator.app */,
			);
			name = Products;
			sourceTree = "<group>";
		};
		FCCF51BB1E2BD64E0066F8CE /* RetroCalculator */ = {
			isa = PBXGroup;
			children = (
				FCCF51BC1E2BD64E0066F8CE /* AppDelegate.swift */,
				FCCF51BE1E2BD64E0066F8CE /* ViewController.swift */,
				FCCF51C01E2BD64E0066F8CE /* Main.storyboard */,
				FCCF51C31E2BD64E0066F8CE /* Assets.xcassets */,
				FCCF51C51E2BD64E0066F8CE /* LaunchScreen.storyboard */,
				FCCF51C81E2BD64E0066F8CE /* Info.plist */,
			);
			path = RetroCalculator;
			sourceTree = "<group>";
		};
/* End PBXGroup section */

/* Begin PBXNativeTarget section */
		FCCF51B81E2BD64D0066F8CE /* RetroCalculator */ = {
			isa = PBXNativeTarget;
			buildConfigurationList = FCCF51CB1E2BD64E0066F8CE /* Build configuration list for PBXNativeTarget "RetroCalculator" */;
			buildPhases = (
				FCCF51B51E2BD64D0066F8CE /* Sources */,
				FCCF51B61E2BD64D0066F8CE /* Frameworks */,
				FCCF51B71E2BD64D0066F8CE /* Resources */,
			);
			buildRules = (
			);
			dependencies = (
			);
			name = RetroCalculator;
			productName = RetroCalculator;
			productReference = FCCF51B91E2BD64E0066F8CE /* RetroCalculator.app */;
			productType = "com.apple.product-type.application";
		};
/* End PBXNativeTarget section */

/* Begin PBXProject section */
		FCCF51B11E2BD64D0066F8CE /* Project object */ = {
			isa = PBXProject;
			attributes = {
				LastSwiftUpdateCheck = 0800;
				LastUpgradeCheck = 0800;
				ORGANIZATIONNAME = SaiReddy;
				TargetAttributes = {
					FCCF51B81E2BD64D0066F8CE = {
						CreatedOnToolsVersion = 8.0;
						DevelopmentTeam = MJJC7HJE2R;
						ProvisioningStyle = Automatic;
					};
				};
			};
			buildConfigurationList = FCCF51B41E2BD64D0066F8CE /* Build configuration list for PBXProject "RetroCalculator" */;
			compatibilityVersion = "Xcode 3.2";
			developmentRegion = English;
			hasScannedForEncodings = 0;
			knownRegions = (
				en,
				Base,
			);
			mainGroup = FCCF51B01E2BD64D0066F8CE;
			productRefGroup = FCCF51BA1E2BD64E0066F8CE /* Products */;
			projectDirPath = "";
			projectRoot = "";
			targets = (
				FCCF51B81E2BD64D0066F8CE /* RetroCalculator */,
			);
		};
/* End PBXProject section */

/* Begin PBXResourcesBuildPhase section */
		FCCF51B71E2BD64D0066F8CE /* Resources */ = {
			isa = PBXResourcesBuildPhase;
			buildActionMask = 2147483647;
			files = (
				FCCF51C71E2BD64E0066F8CE /* LaunchScreen.storyboard in Resources */,
				FCCF51C41E2BD64E0066F8CE /* Assets.xcassets in Resources */,
				FCCF51C21E2BD64E0066F8CE /* Main.storyboard in Resources */,
			);
			runOnlyForDeploymentPostprocessing = 0;
		};
/* End PBXResourcesBuildPhase section */

/* Begin PBXSourcesBuildPhase section */
		FCCF51B51E2BD64D0066F8CE /* Sources */ = {
			isa = PBXSourcesBuildPhase;
			buildActionMask = 2147483647;
			files = (
				FCCF51BF1E2BD64E0066F8CE /* ViewController.swift in Sources */,
				FCCF51BD1E2BD64E0066F8CE /* AppDelegate.swift in Sources */,
			);
			runOnlyForDeploymentPostprocessing = 0;
		};
/* End PBXSourcesBuildPhase section */

/* Begin PBXVariantGroup section */
		FCCF51C01E2BD64E0066F8CE /* Main.storyboard */ = {
			isa = PBXVariantGroup;
			children = (
				FCCF51C11E2BD64E0066F8CE /* Base */,
			);
			name = Main.storyboard;
			sourceTree = "<group>";
		};
		FCCF51C51E2BD64E0066F8CE /* LaunchScreen.storyboard */ = {
			isa = PBXVariantGroup;
			children = (
				FCCF51C61E2BD64E0066F8CE /* Base */,
			);
			name = LaunchScreen.storyboard;
			sourceTree = "<group>";
		};
/* End PBXVariantGroup section */

/* Begin XCBuildConfiguration section */
		FCCF51C91E2BD64E0066F8CE /* Debug */ = {
			isa = XCBuildConfiguration;
			buildSettings = {
				ALWAYS_SEARCH_USER_PATHS = NO;
				CLANG_ANALYZER_NONNULL = YES;
				CLANG_CXX_LANGUAGE_STANDARD = "gnu++0x";
				CLANG_CXX_LIBRARY = "libc++";
				CLANG_ENABLE_MODULES = YES;
				CLANG_ENABLE_OBJC_ARC = YES;
				CLANG_WARN_BOOL_CONVERSION = YES;
				CLANG_WARN_CONSTANT_CONVERSION = YES;
				CLANG_WARN_DIRECT_OBJC_ISA_USAGE = YES_ERROR;
				CLANG_WARN_DOCUMENTATION_COMMENTS = YES;
				CLANG_WARN_EMPTY_BODY = YES;
				CLANG_WARN_ENUM_CONVERSION = YES;
				CLANG_WARN_INFINITE_RECURSION = YES;
				CLANG_WARN_INT_CONVERSION = YES;
				CLANG_WARN_OBJC_ROOT_CLASS = YES_ERROR;
				CLANG_WARN_SUSPICIOUS_MOVES = YES;
				CLANG_WARN_UNREACHABLE_CODE = YES;
				CLANG_WARN__DUPLICATE_METHOD_MATCH = YES;
				"CODE_SIGN_IDENTITY[sdk=iphoneos*]" = "iPhone Developer";
				COPY_PHASE_STRIP = NO;
				DEBUG_INFORMATION_FORMAT = dwarf;
				ENABLE_STRICT_OBJC_MSGSEND = YES;
				ENABLE_TESTABILITY = YES;
				GCC_C_LANGUAGE_STANDARD = gnu99;
				GCC_DYNAMIC_NO_PIC = NO;
				GCC_NO_COMMON_BLOCKS = YES;
				GCC_OPTIMIZATION_LEVEL = 0;
				GCC_PREPROCESSOR_DEFINITIONS = (
					"DEBUG=1",
					"$(inherited)",
				);
				GCC_WARN_64_TO_32_BIT_CONVERSION = YES;
				GCC_WARN_ABOUT_RETURN_TYPE = YES_ERROR;
				GCC_WARN_UNDECLARED_SELECTOR = YES;
				GCC_WARN_UNINITIALIZED_AUTOS = YES_AGGRESSIVE;
				GCC_WARN_UNUSED_FUNCTION = YES;
				GCC_WARN_UNUSED_VARIABLE = YES;
				IPHONEOS_DEPLOYMENT_TARGET = 10.0;
				MTL_ENABLE_DEBUG_INFO = YES;
				ONLY_ACTIVE_ARCH = YES;
				SDKROOT = iphoneos;
				SWIFT_ACTIVE_COMPILATION_CONDITIONS = DEBUG;
				SWIFT_OPTIMIZATION_LEVEL = "-Onone";
				TARGETED_DEVICE_FAMILY = "1,2";
			};
			name = Debug;
		};
		FCCF51CA1E2BD64E0066F8CE /* Release */ = {
			isa = XCBuildConfiguration;
			buildSettings = {
				ALWAYS_SEARCH_USER_PATHS = NO;
				CLANG_ANALYZER_NONNULL = YES;
				CLANG_CXX_LANGUAGE_STANDARD = "gnu++0x";
				CLANG_CXX_LIBRARY = "libc++";
				CLANG_ENABLE_MODULES = YES;
				CLANG_ENABLE_OBJC_ARC = YES;
				CLANG_WARN_BOOL_CONVERSION = YES;
				CLANG_WARN_CONSTANT_CONVERSION = YES;
				CLANG_WARN_DIRECT_OBJC_ISA_USAGE = YES_ERROR;
				CLANG_WARN_DOCUMENTATION_COMMENTS = YES;
				CLANG_WARN_EMPTY_BODY = YES;
				CLANG_WARN_ENUM_CONVERSION = YES;
				CLANG_WARN_INFINITE_RECURSION = YES;
				CLANG_WARN_INT_CONVERSION = YES;
				CLANG_WARN_OBJC_ROOT_CLASS = YES_ERROR;
				CLANG_WARN_SUSPICIOUS_MOVES = YES;
				CLANG_WARN_UNREACHABLE_CODE = YES;
				CLANG_WARN__DUPLICATE_METHOD_MATCH = YES;
				"CODE_SIGN_IDENTITY[sdk=iphoneos*]" = "iPhone Developer";
				COPY_PHASE_STRIP = NO;
				DEBUG_INFORMATION_FORMAT = "dwarf-with-dsym";
				ENABLE_NS_ASSERTIONS = NO;
				ENABLE_STRICT_OBJC_MSGSEND = YES;
				GCC_C_LANGUAGE_STANDARD = gnu99;
				GCC_NO_COMMON_BLOCKS = YES;
				GCC_WARN_64_TO_32_BIT_CONVERSION = YES;
				GCC_WARN_ABOUT_RETURN_TYPE = YES_ERROR;
				GCC_WARN_UNDECLARED_SELECTOR = YES;
				GCC_WARN_UNINITIALIZED_AUTOS = YES_AGGRESSIVE;
				GCC_WARN_UNUSED_FUNCTION = YES;
				GCC_WARN_UNUSED_VARIABLE = YES;
				IPHONEOS_DEPLOYMENT_TARGET = 10.0;
				MTL_ENABLE_DEBUG_INFO = NO;
				SDKROOT = iphoneos;
				SWIFT_OPTIMIZATION_LEVEL = "-Owholemodule";
				TARGETED_DEVICE_FAMILY = "1,2";
				VALIDATE_PRODUCT = YES;
			};
			name = Release;
		};
		FCCF51CC1E2BD64E0066F8CE /* Debug */ = {
			isa = XCBuildConfiguration;
			buildSettings = {
				ASSETCATALOG_COMPILER_APPICON_NAME = AppIcon;
				DEVELOPMENT_TEAM = MJJC7HJE2R;
				INFOPLIST_FILE = RetroCalculator/Info.plist;
				LD_RUNPATH_SEARCH_PATHS = "$(inherited) @executable_path/Frameworks";
				PRODUCT_BUNDLE_IDENTIFIER = com.Saireddy.RetroCalculator;
				PRODUCT_NAME = "$(TARGET_NAME)";
				SWIFT_VERSION = 3.0;
			};
			name = Debug;
		};
		FCCF51CD1E2BD64E0066F8CE /* Release */ = {
			isa = XCBuildConfiguration;
			buildSettings = {
				ASSETCATALOG_COMPILER_APPICON_NAME = AppIcon;
				DEVELOPMENT_TEAM = MJJC7HJE2R;
				INFOPLIST_FILE = RetroCalculator/Info.plist;
				LD_RUNPATH_SEARCH_PATHS = "$(inherited) @executable_path/Frameworks";
				PRODUCT_BUNDLE_IDENTIFIER = com.Saireddy.RetroCalculator;
				PRODUCT_NAME = "$(TARGET_NAME)";
				SWIFT_VERSION = 3.0;
			};
			name = Release;
		};
/* End XCBuildConfiguration section */

/* Begin XCConfigurationList section */
		FCCF51B41E2BD64D0066F8CE /* Build configuration list for PBXProject "RetroCalculator" */ = {
			isa = XCConfigurationList;
			buildConfigurations = (
				FCCF51C91E2BD64E0066F8CE /* Debug */,
				FCCF51CA1E2BD64E0066F8CE /* Release */,
			);
			defaultConfigurationIsVisible = 0;
			defaultConfigurationName = Release;
		};
		FCCF51CB1E2BD64E0066F8CE /* Build configuration list for PBXNativeTarget "RetroCalculator" */ = {
			isa = XCConfigurationList;
			buildConfigurations = (
				FCCF51CC1E2BD64E0066F8CE /* Debug */,
				FCCF51CD1E2BD64E0066F8CE /* Release */,
			);
			defaultConfigurationIsVisible = 0;
		};
/* End XCConfigurationList section */
	};
	rootObject = FCCF51B11E2BD64D0066F8CE /* Project object */;
}
